lockfileVersion: '9.0'

settings:
  autoInstallPeers: true
  excludeLinksFromLockfile: false

importers:

  .:
    dependencies:
      prettier:
        specifier: ^3.5.3
        version: 3.5.3
      sass:
        specifier: ^1.85.1
        version: 1.85.1
      ts:
        specifier: ^0.2.2
        version: 0.2.2(typescript@3.9.10)
      vite:
        specifier: ^6.2.0
        version: 6.2.0(sass@1.85.1)

packages:

  '@babel/code-frame@7.26.2':
    resolution: {integrity: sha512-RJlIHRueQgwWitWgF8OdFYGZX328Ax5BCemNGlqHfplnRT9ESi8JkFlvaVYbS+UubVY6dpv87Fs2u5M29iNFVQ==}
    engines: {node: '>=6.9.0'}

  '@babel/helper-validator-identifier@7.25.9':
    resolution: {integrity: sha512-Ed61U6XJc3CVRfkERJWDz4dJwKe7iLmmJsbOGu9wSloNSFttHV0I8g6UAgb7qnK5ly5bGLPd4oXZlxCdANBOWQ==}
    engines: {node: '>=6.9.0'}

  '@esbuild/aix-ppc64@0.25.0':
    resolution: {integrity: sha512-O7vun9Sf8DFjH2UtqK8Ku3LkquL9SZL8OLY1T5NZkA34+wG3OQF7cl4Ql8vdNzM6fzBbYfLaiRLIOZ+2FOCgBQ==}
    engines: {node: '>=18'}
    cpu: [ppc64]
    os: [aix]

  '@esbuild/android-arm64@0.25.0':
    resolution: {integrity: sha512-grvv8WncGjDSyUBjN9yHXNt+cq0snxXbDxy5pJtzMKGmmpPxeAmAhWxXI+01lU5rwZomDgD3kJwulEnhTRUd6g==}
    engines: {node: '>=18'}
    cpu: [arm64]
    os: [android]

  '@esbuild/android-arm@0.25.0':
    resolution: {integrity: sha512-PTyWCYYiU0+1eJKmw21lWtC+d08JDZPQ5g+kFyxP0V+es6VPPSUhM6zk8iImp2jbV6GwjX4pap0JFbUQN65X1g==}
    engines: {node: '>=18'}
    cpu: [arm]
    os: [android]

  '@esbuild/android-x64@0.25.0':
    resolution: {integrity: sha512-m/ix7SfKG5buCnxasr52+LI78SQ+wgdENi9CqyCXwjVR2X4Jkz+BpC3le3AoBPYTC9NHklwngVXvbJ9/Akhrfg==}
    engines: {node: '>=18'}
    cpu: [x64]
    os: [android]

  '@esbuild/darwin-arm64@0.25.0':
    resolution: {integrity: sha512-mVwdUb5SRkPayVadIOI78K7aAnPamoeFR2bT5nszFUZ9P8UpK4ratOdYbZZXYSqPKMHfS1wdHCJk1P1EZpRdvw==}
    engines: {node: '>=18'}
    cpu: [arm64]
    os: [darwin]

  '@esbuild/darwin-x64@0.25.0':
    resolution: {integrity: sha512-DgDaYsPWFTS4S3nWpFcMn/33ZZwAAeAFKNHNa1QN0rI4pUjgqf0f7ONmXf6d22tqTY+H9FNdgeaAa+YIFUn2Rg==}
    engines: {node: '>=18'}
    cpu: [x64]
    os: [darwin]

  '@esbuild/freebsd-arm64@0.25.0':
    resolution: {integrity: sha512-VN4ocxy6dxefN1MepBx/iD1dH5K8qNtNe227I0mnTRjry8tj5MRk4zprLEdG8WPyAPb93/e4pSgi1SoHdgOa4w==}
    engines: {node: '>=18'}
    cpu: [arm64]
    os: [freebsd]

  '@esbuild/freebsd-x64@0.25.0':
    resolution: {integrity: sha512-mrSgt7lCh07FY+hDD1TxiTyIHyttn6vnjesnPoVDNmDfOmggTLXRv8Id5fNZey1gl/V2dyVK1VXXqVsQIiAk+A==}
    engines: {node: '>=18'}
    cpu: [x64]
    os: [freebsd]

  '@esbuild/linux-arm64@0.25.0':
    resolution: {integrity: sha512-9QAQjTWNDM/Vk2bgBl17yWuZxZNQIF0OUUuPZRKoDtqF2k4EtYbpyiG5/Dk7nqeK6kIJWPYldkOcBqjXjrUlmg==}
    engines: {node: '>=18'}
    cpu: [arm64]
    os: [linux]

  '@esbuild/linux-arm@0.25.0':
    resolution: {integrity: sha512-vkB3IYj2IDo3g9xX7HqhPYxVkNQe8qTK55fraQyTzTX/fxaDtXiEnavv9geOsonh2Fd2RMB+i5cbhu2zMNWJwg==}
    engines: {node: '>=18'}
    cpu: [arm]
    os: [linux]

  '@esbuild/linux-ia32@0.25.0':
    resolution: {integrity: sha512-43ET5bHbphBegyeqLb7I1eYn2P/JYGNmzzdidq/w0T8E2SsYL1U6un2NFROFRg1JZLTzdCoRomg8Rvf9M6W6Gg==}
    engines: {node: '>=18'}
    cpu: [ia32]
    os: [linux]

  '@esbuild/linux-loong64@0.25.0':
    resolution: {integrity: sha512-fC95c/xyNFueMhClxJmeRIj2yrSMdDfmqJnyOY4ZqsALkDrrKJfIg5NTMSzVBr5YW1jf+l7/cndBfP3MSDpoHw==}
    engines: {node: '>=18'}
    cpu: [loong64]
    os: [linux]

  '@esbuild/linux-mips64el@0.25.0':
    resolution: {integrity: sha512-nkAMFju7KDW73T1DdH7glcyIptm95a7Le8irTQNO/qtkoyypZAnjchQgooFUDQhNAy4iu08N79W4T4pMBwhPwQ==}
    engines: {node: '>=18'}
    cpu: [mips64el]
    os: [linux]

  '@esbuild/linux-ppc64@0.25.0':
    resolution: {integrity: sha512-NhyOejdhRGS8Iwv+KKR2zTq2PpysF9XqY+Zk77vQHqNbo/PwZCzB5/h7VGuREZm1fixhs4Q/qWRSi5zmAiO4Fw==}
    engines: {node: '>=18'}
    cpu: [ppc64]
    os: [linux]

  '@esbuild/linux-riscv64@0.25.0':
    resolution: {integrity: sha512-5S/rbP5OY+GHLC5qXp1y/Mx//e92L1YDqkiBbO9TQOvuFXM+iDqUNG5XopAnXoRH3FjIUDkeGcY1cgNvnXp/kA==}
    engines: {node: '>=18'}
    cpu: [riscv64]
    os: [linux]

  '@esbuild/linux-s390x@0.25.0':
    resolution: {integrity: sha512-XM2BFsEBz0Fw37V0zU4CXfcfuACMrppsMFKdYY2WuTS3yi8O1nFOhil/xhKTmE1nPmVyvQJjJivgDT+xh8pXJA==}
    engines: {node: '>=18'}
    cpu: [s390x]
    os: [linux]

  '@esbuild/linux-x64@0.25.0':
    resolution: {integrity: sha512-9yl91rHw/cpwMCNytUDxwj2XjFpxML0y9HAOH9pNVQDpQrBxHy01Dx+vaMu0N1CKa/RzBD2hB4u//nfc+Sd3Cw==}
    engines: {node: '>=18'}
    cpu: [x64]
    os: [linux]

  '@esbuild/netbsd-arm64@0.25.0':
    resolution: {integrity: sha512-RuG4PSMPFfrkH6UwCAqBzauBWTygTvb1nxWasEJooGSJ/NwRw7b2HOwyRTQIU97Hq37l3npXoZGYMy3b3xYvPw==}
    engines: {node: '>=18'}
    cpu: [arm64]
    os: [netbsd]

  '@esbuild/netbsd-x64@0.25.0':
    resolution: {integrity: sha512-jl+qisSB5jk01N5f7sPCsBENCOlPiS/xptD5yxOx2oqQfyourJwIKLRA2yqWdifj3owQZCL2sn6o08dBzZGQzA==}
    engines: {node: '>=18'}
    cpu: [x64]
    os: [netbsd]

  '@esbuild/openbsd-arm64@0.25.0':
    resolution: {integrity: sha512-21sUNbq2r84YE+SJDfaQRvdgznTD8Xc0oc3p3iW/a1EVWeNj/SdUCbm5U0itZPQYRuRTW20fPMWMpcrciH2EJw==}
    engines: {node: '>=18'}
    cpu: [arm64]
    os: [openbsd]

  '@esbuild/openbsd-x64@0.25.0':
    resolution: {integrity: sha512-2gwwriSMPcCFRlPlKx3zLQhfN/2WjJ2NSlg5TKLQOJdV0mSxIcYNTMhk3H3ulL/cak+Xj0lY1Ym9ysDV1igceg==}
    engines: {node: '>=18'}
    cpu: [x64]
    os: [openbsd]

  '@esbuild/sunos-x64@0.25.0':
    resolution: {integrity: sha512-bxI7ThgLzPrPz484/S9jLlvUAHYMzy6I0XiU1ZMeAEOBcS0VePBFxh1JjTQt3Xiat5b6Oh4x7UC7IwKQKIJRIg==}
    engines: {node: '>=18'}
    cpu: [x64]
    os: [sunos]

  '@esbuild/win32-arm64@0.25.0':
    resolution: {integrity: sha512-ZUAc2YK6JW89xTbXvftxdnYy3m4iHIkDtK3CLce8wg8M2L+YZhIvO1DKpxrd0Yr59AeNNkTiic9YLf6FTtXWMw==}
    engines: {node: '>=18'}
    cpu: [arm64]
    os: [win32]

  '@esbuild/win32-ia32@0.25.0':
    resolution: {integrity: sha512-eSNxISBu8XweVEWG31/JzjkIGbGIJN/TrRoiSVZwZ6pkC6VX4Im/WV2cz559/TXLcYbcrDN8JtKgd9DJVIo8GA==}
    engines: {node: '>=18'}
    cpu: [ia32]
    os: [win32]

  '@esbuild/win32-x64@0.25.0':
    resolution: {integrity: sha512-ZENoHJBxA20C2zFzh6AI4fT6RraMzjYw4xKWemRTRmRVtN9c5DcH9r/f2ihEkMjOW5eGgrwCslG/+Y/3bL+DHQ==}
    engines: {node: '>=18'}
    cpu: [x64]
    os: [win32]

  '@parcel/watcher-android-arm64@2.5.1':
    resolution: {integrity: sha512-KF8+j9nNbUN8vzOFDpRMsaKBHZ/mcjEjMToVMJOhTozkDonQFFrRcfdLWn6yWKCmJKmdVxSgHiYvTCef4/qcBA==}
    engines: {node: '>= 10.0.0'}
    cpu: [arm64]
    os: [android]

  '@parcel/watcher-darwin-arm64@2.5.1':
    resolution: {integrity: sha512-eAzPv5osDmZyBhou8PoF4i6RQXAfeKL9tjb3QzYuccXFMQU0ruIc/POh30ePnaOyD1UXdlKguHBmsTs53tVoPw==}
    engines: {node: '>= 10.0.0'}
    cpu: [arm64]
    os: [darwin]

  '@parcel/watcher-darwin-x64@2.5.1':
    resolution: {integrity: sha512-1ZXDthrnNmwv10A0/3AJNZ9JGlzrF82i3gNQcWOzd7nJ8aj+ILyW1MTxVk35Db0u91oD5Nlk9MBiujMlwmeXZg==}
    engines: {node: '>= 10.0.0'}
    cpu: [x64]
    os: [darwin]

  '@parcel/watcher-freebsd-x64@2.5.1':
    resolution: {integrity: sha512-SI4eljM7Flp9yPuKi8W0ird8TI/JK6CSxju3NojVI6BjHsTyK7zxA9urjVjEKJ5MBYC+bLmMcbAWlZ+rFkLpJQ==}
    engines: {node: '>= 10.0.0'}
    cpu: [x64]
    os: [freebsd]

  '@parcel/watcher-linux-arm-glibc@2.5.1':
    resolution: {integrity: sha512-RCdZlEyTs8geyBkkcnPWvtXLY44BCeZKmGYRtSgtwwnHR4dxfHRG3gR99XdMEdQ7KeiDdasJwwvNSF5jKtDwdA==}
    engines: {node: '>= 10.0.0'}
    cpu: [arm]
    os: [linux]

  '@parcel/watcher-linux-arm-musl@2.5.1':
    resolution: {integrity: sha512-6E+m/Mm1t1yhB8X412stiKFG3XykmgdIOqhjWj+VL8oHkKABfu/gjFj8DvLrYVHSBNC+/u5PeNrujiSQ1zwd1Q==}
    engines: {node: '>= 10.0.0'}
    cpu: [arm]
    os: [linux]

  '@parcel/watcher-linux-arm64-glibc@2.5.1':
    resolution: {integrity: sha512-LrGp+f02yU3BN9A+DGuY3v3bmnFUggAITBGriZHUREfNEzZh/GO06FF5u2kx8x+GBEUYfyTGamol4j3m9ANe8w==}
    engines: {node: '>= 10.0.0'}
    cpu: [arm64]
    os: [linux]

  '@parcel/watcher-linux-arm64-musl@2.5.1':
    resolution: {integrity: sha512-cFOjABi92pMYRXS7AcQv9/M1YuKRw8SZniCDw0ssQb/noPkRzA+HBDkwmyOJYp5wXcsTrhxO0zq1U11cK9jsFg==}
    engines: {node: '>= 10.0.0'}
    cpu: [arm64]
    os: [linux]

  '@parcel/watcher-linux-x64-glibc@2.5.1':
    resolution: {integrity: sha512-GcESn8NZySmfwlTsIur+49yDqSny2IhPeZfXunQi48DMugKeZ7uy1FX83pO0X22sHntJ4Ub+9k34XQCX+oHt2A==}
    engines: {node: '>= 10.0.0'}
    cpu: [x64]
    os: [linux]

  '@parcel/watcher-linux-x64-musl@2.5.1':
    resolution: {integrity: sha512-n0E2EQbatQ3bXhcH2D1XIAANAcTZkQICBPVaxMeaCVBtOpBZpWJuf7LwyWPSBDITb7In8mqQgJ7gH8CILCURXg==}
    engines: {node: '>= 10.0.0'}
    cpu: [x64]
    os: [linux]

  '@parcel/watcher-win32-arm64@2.5.1':
    resolution: {integrity: sha512-RFzklRvmc3PkjKjry3hLF9wD7ppR4AKcWNzH7kXR7GUe0Igb3Nz8fyPwtZCSquGrhU5HhUNDr/mKBqj7tqA2Vw==}
    engines: {node: '>= 10.0.0'}
    cpu: [arm64]
    os: [win32]

  '@parcel/watcher-win32-ia32@2.5.1':
    resolution: {integrity: sha512-c2KkcVN+NJmuA7CGlaGD1qJh1cLfDnQsHjE89E60vUEMlqduHGCdCLJCID5geFVM0dOtA3ZiIO8BoEQmzQVfpQ==}
    engines: {node: '>= 10.0.0'}
    cpu: [ia32]
    os: [win32]

  '@parcel/watcher-win32-x64@2.5.1':
    resolution: {integrity: sha512-9lHBdJITeNR++EvSQVUcaZoWupyHfXe1jZvGZ06O/5MflPcuPLtEphScIBL+AiCWBO46tDSHzWyD0uDmmZqsgA==}
    engines: {node: '>= 10.0.0'}
    cpu: [x64]
    os: [win32]

  '@parcel/watcher@2.5.1':
    resolution: {integrity: sha512-dfUnCxiN9H4ap84DvD2ubjw+3vUNpstxa0TneY/Paat8a3R4uQZDLSvWjmznAY/DoahqTHl9V46HF/Zs3F29pg==}
    engines: {node: '>= 10.0.0'}

  '@rollup/rollup-android-arm-eabi@4.34.9':
    resolution: {integrity: sha512-qZdlImWXur0CFakn2BJ2znJOdqYZKiedEPEVNTBrpfPjc/YuTGcaYZcdmNFTkUj3DU0ZM/AElcM8Ybww3xVLzA==}
    cpu: [arm]
    os: [android]

  '@rollup/rollup-android-arm64@4.34.9':
    resolution: {integrity: sha512-4KW7P53h6HtJf5Y608T1ISKvNIYLWRKMvfnG0c44M6In4DQVU58HZFEVhWINDZKp7FZps98G3gxwC1sb0wXUUg==}
    cpu: [arm64]
    os: [android]

  '@rollup/rollup-darwin-arm64@4.34.9':
    resolution: {integrity: sha512-0CY3/K54slrzLDjOA7TOjN1NuLKERBgk9nY5V34mhmuu673YNb+7ghaDUs6N0ujXR7fz5XaS5Aa6d2TNxZd0OQ==}
    cpu: [arm64]
    os: [darwin]

  '@rollup/rollup-darwin-x64@4.34.9':
    resolution: {integrity: sha512-eOojSEAi/acnsJVYRxnMkPFqcxSMFfrw7r2iD9Q32SGkb/Q9FpUY1UlAu1DH9T7j++gZ0lHjnm4OyH2vCI7l7Q==}
    cpu: [x64]
    os: [darwin]

  '@rollup/rollup-freebsd-arm64@4.34.9':
    resolution: {integrity: sha512-2lzjQPJbN5UnHm7bHIUKFMulGTQwdvOkouJDpPysJS+QFBGDJqcfh+CxxtG23Ik/9tEvnebQiylYoazFMAgrYw==}
    cpu: [arm64]
    os: [freebsd]

  '@rollup/rollup-freebsd-x64@4.34.9':
    resolution: {integrity: sha512-SLl0hi2Ah2H7xQYd6Qaiu01kFPzQ+hqvdYSoOtHYg/zCIFs6t8sV95kaoqjzjFwuYQLtOI0RZre/Ke0nPaQV+g==}
    cpu: [x64]
    os: [freebsd]

  '@rollup/rollup-linux-arm-gnueabihf@4.34.9':
    resolution: {integrity: sha512-88I+D3TeKItrw+Y/2ud4Tw0+3CxQ2kLgu3QvrogZ0OfkmX/DEppehus7L3TS2Q4lpB+hYyxhkQiYPJ6Mf5/dPg==}
    cpu: [arm]
    os: [linux]

  '@rollup/rollup-linux-arm-musleabihf@4.34.9':
    resolution: {integrity: sha512-3qyfWljSFHi9zH0KgtEPG4cBXHDFhwD8kwg6xLfHQ0IWuH9crp005GfoUUh/6w9/FWGBwEHg3lxK1iHRN1MFlA==}
    cpu: [arm]
    os: [linux]

  '@rollup/rollup-linux-arm64-gnu@4.34.9':
    resolution: {integrity: sha512-6TZjPHjKZUQKmVKMUowF3ewHxctrRR09eYyvT5eFv8w/fXarEra83A2mHTVJLA5xU91aCNOUnM+DWFMSbQ0Nxw==}
    cpu: [arm64]
    os: [linux]

  '@rollup/rollup-linux-arm64-musl@4.34.9':
    resolution: {integrity: sha512-LD2fytxZJZ6xzOKnMbIpgzFOuIKlxVOpiMAXawsAZ2mHBPEYOnLRK5TTEsID6z4eM23DuO88X0Tq1mErHMVq0A==}
    cpu: [arm64]
    os: [linux]

  '@rollup/rollup-linux-loongarch64-gnu@4.34.9':
    resolution: {integrity: sha512-dRAgTfDsn0TE0HI6cmo13hemKpVHOEyeciGtvlBTkpx/F65kTvShtY/EVyZEIfxFkV5JJTuQ9tP5HGBS0hfxIg==}
    cpu: [loong64]
    os: [linux]

  '@rollup/rollup-linux-powerpc64le-gnu@4.34.9':
    resolution: {integrity: sha512-PHcNOAEhkoMSQtMf+rJofwisZqaU8iQ8EaSps58f5HYll9EAY5BSErCZ8qBDMVbq88h4UxaNPlbrKqfWP8RfJA==}
    cpu: [ppc64]
    os: [linux]

  '@rollup/rollup-linux-riscv64-gnu@4.34.9':
    resolution: {integrity: sha512-Z2i0Uy5G96KBYKjeQFKbbsB54xFOL5/y1P5wNBsbXB8yE+At3oh0DVMjQVzCJRJSfReiB2tX8T6HUFZ2k8iaKg==}
    cpu: [riscv64]
    os: [linux]

  '@rollup/rollup-linux-s390x-gnu@4.34.9':
    resolution: {integrity: sha512-U+5SwTMoeYXoDzJX5dhDTxRltSrIax8KWwfaaYcynuJw8mT33W7oOgz0a+AaXtGuvhzTr2tVKh5UO8GVANTxyQ==}
    cpu: [s390x]
    os: [linux]

  '@rollup/rollup-linux-x64-gnu@4.34.9':
    resolution: {integrity: sha512-FwBHNSOjUTQLP4MG7y6rR6qbGw4MFeQnIBrMe161QGaQoBQLqSUEKlHIiVgF3g/mb3lxlxzJOpIBhaP+C+KP2A==}
    cpu: [x64]
    os: [linux]

  '@rollup/rollup-linux-x64-musl@4.34.9':
    resolution: {integrity: sha512-cYRpV4650z2I3/s6+5/LONkjIz8MBeqrk+vPXV10ORBnshpn8S32bPqQ2Utv39jCiDcO2eJTuSlPXpnvmaIgRA==}
    cpu: [x64]
    os: [linux]

  '@rollup/rollup-win32-arm64-msvc@4.34.9':
    resolution: {integrity: sha512-z4mQK9dAN6byRA/vsSgQiPeuO63wdiDxZ9yg9iyX2QTzKuQM7T4xlBoeUP/J8uiFkqxkcWndWi+W7bXdPbt27Q==}
    cpu: [arm64]
    os: [win32]

  '@rollup/rollup-win32-ia32-msvc@4.34.9':
    resolution: {integrity: sha512-KB48mPtaoHy1AwDNkAJfHXvHp24H0ryZog28spEs0V48l3H1fr4i37tiyHsgKZJnCmvxsbATdZGBpbmxTE3a9w==}
    cpu: [ia32]
    os: [win32]

  '@rollup/rollup-win32-x64-msvc@4.34.9':
    resolution: {integrity: sha512-AyleYRPU7+rgkMWbEh71fQlrzRfeP6SyMnRf9XX4fCdDPAJumdSBqYEcWPMzVQ4ScAl7E4oFfK0GUVn77xSwbw==}
    cpu: [x64]
    os: [win32]

  '@types/estree@1.0.6':
    resolution: {integrity: sha512-AYnb1nQyY49te+VRAVgmzfcgjYS91mY5P0TKUDCLEM+gNnA+3T6rWITXRLYCpahpqSQbN5cE+gHpnPyXjHWxcw==}

  ansi-styles@3.2.1:
    resolution: {integrity: sha512-VT0ZI6kZRdTh8YyJw3SMbYm/u+NqfsAxEpWO0Pf9sq8/e94WxxOpPKx9FR1FlyCtOVDNOQ+8ntlqFxiRc+r5qA==}
    engines: {node: '>=4'}

  argparse@1.0.10:
    resolution: {integrity: sha512-o5Roy6tNG4SL/FOkCAN6RzjiakZS25RLYFrcMttJqbdd8BWrnA+fGz57iN5Pb06pvBGvl5gQ0B48dJlslXvoTg==}

  array-find-index@1.0.2:
    resolution: {integrity: sha512-M1HQyIXcBGtVywBt8WVdim+lrNaK7VHp99Qt5pSNziXznKHViIBbXWtfRTpEFpF/c4FdfxNAsCCwPp5phBYJtw==}
    engines: {node: '>=0.10.0'}

  arrify@1.0.1:
    resolution: {integrity: sha512-3CYzex9M9FGQjCGMGyi6/31c8GJbgb0qGyrx5HWxPd0aCwh4cB2YjMb2Xf9UuoogrMrlO9cTqnB5rI5GHZTcUA==}
    engines: {node: '>=0.10.0'}

  axios@0.18.1:
    resolution: {integrity: sha512-0BfJq4NSfQXd+SkFdrvFbG7addhYSBA2mQwISr46pD6E5iqkWg02RAs8vyTT/j0RTnoYmeXauBuSv1qKwR179g==}
    deprecated: Critical security vulnerability fixed in v0.21.1. For more information, see https://github.com/axios/axios/pull/3410

  balanced-match@1.0.2:
    resolution: {integrity: sha512-3oSeUO0TMV67hN1AmbXsK4yaqU7tjiHlbxRDZOpH0KW9+CeX4bRAaX0Anxt0tx2MrpRpWwQaPwIlISEJhYU5Pw==}

  brace-expansion@1.1.11:
    resolution: {integrity: sha512-iCuPHDFgrHX7H2vEI/5xpz07zSHB00TpugqhmYtVmMO6518mCuRMoOYFldEBl0g187ufozdaHgWKcYFb61qGiA==}

  braces@3.0.3:
    resolution: {integrity: sha512-yQbXgO/OSZVD2IsiLlro+7Hf6Q18EJrKSEsdoMzKePKXct3gvD8oLcOQdIzGupr5Fj+EDe8gO/lxc1BzfMpxvA==}
    engines: {node: '>=8'}

  builtin-modules@1.1.1:
    resolution: {integrity: sha512-wxXCdllwGhI2kCC0MnvTGYTMvnVZTvqgypkiTI8Pa5tcz2i6VqsqwYGgqwXji+4RgCzms6EajE4IxiUH6HH8nQ==}
    engines: {node: '>=0.10.0'}

  camelcase-keys@4.2.0:
    resolution: {integrity: sha512-Ej37YKYbFUI8QiYlvj9YHb6/Z60dZyPJW0Cs8sFilMbd2lP0bw3ylAq9yJkK4lcTA2dID5fG8LjmJYbO7kWb7Q==}
    engines: {node: '>=4'}

  camelcase@4.1.0:
    resolution: {integrity: sha512-FxAv7HpHrXbh3aPo4o2qxHay2lkLY3x5Mw3KeE4KQE8ysVfziWeRZDwcjauvwBSGEC/nXUPzZy8zeh4HokqOnw==}
    engines: {node: '>=4'}

  chalk@2.4.2:
    resolution: {integrity: sha512-Mti+f9lpJNcwF4tWV8/OrTTtF1gZi+f8FqlyAdouralcFWFQWF2+NgCHShjkCb+IFBLq9buZwE1xckQU4peSuQ==}
    engines: {node: '>=4'}

  chokidar@4.0.3:
    resolution: {integrity: sha512-Qgzu8kfBvo+cA4962jnP1KkS6Dop5NS6g7R5LFYJr4b8Ub94PPQXUksCw9PvXoeXPRRddRNC5C1JQUR2SMGtnA==}
    engines: {node: '>= 14.16.0'}

  color-convert@1.9.3:
    resolution: {integrity: sha512-QfAUtd+vFdAtFQcC8CCyYt1fYWxSqAiK2cSD6zDB8N3cpsEBAvRxp9zOGg6G/SHHJYAT88/az/IuDGALsNVbGg==}

  color-name@1.1.3:
    resolution: {integrity: sha512-72fSenhMw2HZMTVHeCA9KCmpEIbzWiQsjN+BHcBbS9vr1mtt+vJjPdksIBNUmKAW8TFUDPJK5SUU3QhE9NEXDw==}

  commander@2.20.3:
    resolution: {integrity: sha512-GpVkmM8vF2vQUkj2LvZmD35JxeJOLCwJ9cUkugyk2nuhbv3+mJvpLYYt+0+USMxE+oj+ey/lJEnhZw75x/OMcQ==}

  concat-map@0.0.1:
    resolution: {integrity: sha512-/Srv4dswyQNBfohGpz9o6Yb3Gz3SrUDqBH5rTuhGR7ahtlbYKnVxw2bCFMRljaA7EXHaXZ8wsHdodFvbkhKmqg==}

  currently-unhandled@0.4.1:
    resolution: {integrity: sha512-/fITjgjGU50vjQ4FH6eUoYu+iUoUKIXws2hL15JJpIR+BbTxaXQsMuuyjtNh2WqsSBS5nsaZHFsFecyw5CCAng==}
    engines: {node: '>=0.10.0'}

  debug@3.1.0:
    resolution: {integrity: sha512-OX8XqP7/1a9cqkxYw2yXss15f26NKWBpDXQd0/uK/KPqdQhxbPa994hnzjcE2VqQpDslf55723cKPUOGSmMY3g==}
    peerDependencies:
      supports-color: '*'
    peerDependenciesMeta:
      supports-color:
        optional: true

  decamelize-keys@1.1.1:
    resolution: {integrity: sha512-WiPxgEirIV0/eIOMcnFBA3/IJZAZqKnwAwWyvvdi4lsr1WCN22nhdf/3db3DoZcUjTV2SqfzIwNyp6y2xs3nmg==}
    engines: {node: '>=0.10.0'}

  decamelize@1.2.0:
    resolution: {integrity: sha512-z2S+W9X73hAUUki+N+9Za2lBlun89zigOyGrsax+KUQ6wKW4ZoWpEYBkGhQjwAjjDCkWxhY0VKEhk8wzY7F5cA==}
    engines: {node: '>=0.10.0'}

  detect-libc@1.0.3:
    resolution: {integrity: sha512-pGjwhsmsp4kL2RTz08wcOlGN83otlqHeD/Z5T8GXZB+/YcpQ/dgo+lbU8ZsGxV0HIvqqxo9l7mqYwyYMD9bKDg==}
    engines: {node: '>=0.10'}
    hasBin: true

  diff@4.0.2:
    resolution: {integrity: sha512-58lmxKSA4BNyLz+HHMUzlOEpg09FV+ev6ZMe3vJihgdxzgcwZ8VoEEPmALCZG9LmqfVoNMMKpttIYTVG6uDY7A==}
    engines: {node: '>=0.3.1'}

  error-ex@1.3.2:
    resolution: {integrity: sha512-7dFHNmqeFSEt2ZBsCriorKnn3Z2pj+fd9kmI6QoWw4//DL+icEBfc0U7qJCisqrTsKTjw4fNFy2pW9OqStD84g==}

  esbuild@0.25.0:
    resolution: {integrity: sha512-BXq5mqc8ltbaN34cDqWuYKyNhX8D/Z0J1xdtdQ8UcIIIyJyz+ZMKUt58tF3SrZ85jcfN/PZYhjR5uDQAYNVbuw==}
    engines: {node: '>=18'}
    hasBin: true

  escape-string-regexp@1.0.5:
    resolution: {integrity: sha512-vbRorB5FUQWvla16U8R/qgaFIya2qGzwDrNmCZuYKrbdSUMG6I1ZCGQRefkRVhuOkIGVne7BQ35DSfo1qvJqFg==}
    engines: {node: '>=0.8.0'}

  esprima@4.0.1:
    resolution: {integrity: sha512-eGuFFw7Upda+g4p+QHvnW0RyTX/SVeJBDM/gCtMARO0cLuT2HcEKnTPvhjV6aGeqrCB/sbNop0Kszm0jsaWU4A==}
    engines: {node: '>=4'}
    hasBin: true

  figures@2.0.0:
    resolution: {integrity: sha512-Oa2M9atig69ZkfwiApY8F2Yy+tzMbazyvqv21R0NsSC8floSOC09BbT1ITWAdoMGQvJ/aZnR1KMwdx9tvHnTNA==}
    engines: {node: '>=4'}

  fill-range@7.1.1:
    resolution: {integrity: sha512-YsGpe3WHLK8ZYi4tWDg2Jy3ebRz2rXowDxnld4bkQB00cc/1Zw9AWnC0i9ztDJitivtQvaI9KaLyKrc+hBW0yg==}
    engines: {node: '>=8'}

  find-package-json@1.2.0:
    resolution: {integrity: sha512-+SOGcLGYDJHtyqHd87ysBhmaeQ95oWspDKnMXBrnQ9Eq4OkLNqejgoaD8xVWu6GPa0B6roa6KinCMEMcVeqONw==}

  find-up@2.1.0:
    resolution: {integrity: sha512-NWzkk0jSJtTt08+FBFMvXoeZnOJD+jTtsRmBYbAIzJdX6l7dLgR7CTubCM5/eDdPUBvLCeVasP1brfVR/9/EZQ==}
    engines: {node: '>=4'}

  follow-redirects@1.5.10:
    resolution: {integrity: sha512-0V5l4Cizzvqt5D44aTXbFZz+FtyXV1vrDN6qrelxtfYQKW0KO0W2T/hkE8xvGa/540LkZlkaUjO4ailYTFtHVQ==}
    engines: {node: '>=4.0'}

  fs.realpath@1.0.0:
    resolution: {integrity: sha512-OO0pH2lK6a0hZnAdau5ItzHPI6pUlvI7jMVnxUQRtw4owF2wk8lOSabtGDCTP4Ggrg2MbGnWO9X8K1t4+fGMDw==}

  fsevents@2.3.3:
    resolution: {integrity: sha512-5xoDfX+fL7faATnagmWPpbFtwh/R77WmMMqqHGS65C3vvB0YHrgF+B1YmZ3441tMj5n63k0212XNoJwzlhffQw==}
    engines: {node: ^8.16.0 || ^10.6.0 || >=11.0.0}
    os: [darwin]

  function-bind@1.1.2:
    resolution: {integrity: sha512-7XHNxH7qX9xG5mIwxkhumTox/MIRNcOgDrxWsMt2pAr23WHp6MrRlN7FBSFpCpr+oVO0F744iUgR82nJMfG2SA==}

  glob@7.2.3:
    resolution: {integrity: sha512-nFR0zLpU2YCaRxwoCJvL6UvCH2JFyFVIvwTLsIf21AuHlMskA1hhTdk+LlYJtOlYt9v6dvszD2BGRqBL+iQK9Q==}
    deprecated: Glob versions prior to v9 are no longer supported

  graceful-fs@4.2.11:
    resolution: {integrity: sha512-RbJ5/jmFcNNCcDV5o9eTnBLJ/HszWV0P73bc+Ff4nS/rJj+YaS6IGyiOL0VoBYX+l1Wrl3k63h/KrH+nhJ0XvQ==}

  has-flag@3.0.0:
    resolution: {integrity: sha512-sKJf1+ceQBr4SMkvQnBDNDtf4TXpVhVGateu0t918bl30FnbE2m4vNLX+VWe/dpjlb+HugGYzW7uQXH98HPEYw==}
    engines: {node: '>=4'}

  hasown@2.0.2:
    resolution: {integrity: sha512-0hJU9SCPvmMzIBdZFqNPXWa6dqh7WdH0cII9y+CyS8rG3nL48Bclra9HmKhVVUHyPWNH5Y7xDwAB7bfgSjkUMQ==}
    engines: {node: '>= 0.4'}

  hosted-git-info@2.8.9:
    resolution: {integrity: sha512-mxIDAb9Lsm6DoOJ7xH+5+X4y1LU/4Hi50L9C5sIswK3JzULS4bwk1FvjdBgvYR4bzT4tuUQiC15FE2f5HbLvYw==}

  immutable@5.0.3:
    resolution: {integrity: sha512-P8IdPQHq3lA1xVeBRi5VPqUm5HDgKnx0Ru51wZz5mjxHr5n3RWhjIpOFU7ybkUxfB+5IToy+OLaHYDBIWsv+uw==}

  indent-string@3.2.0:
    resolution: {integrity: sha512-BYqTHXTGUIvg7t1r4sJNKcbDZkL92nkXA8YtRpbjFHRHGDL/NtUeiBJMeE60kIFN/Mg8ESaWQvftaYMGJzQZCQ==}
    engines: {node: '>=4'}

  inflight@1.0.6:
    resolution: {integrity: sha512-k92I/b08q4wvFscXCLvqfsHCrjrF7yiXsQuIVvVE7N82W3+aqpzuUdBbfhWcy/FZR3/4IgflMgKLOsvPDrGCJA==}
    deprecated: This module is not supported, and leaks memory. Do not use it. Check out lru-cache if you want a good and tested way to coalesce async requests by a key value, which is much more comprehensive and powerful.

  inherits@2.0.4:
    resolution: {integrity: sha512-k/vGaX4/Yla3WzyMCvTQOXYeIHvqOKtnqBduzTHpzpQZzAskKMhZ2K+EnBiSM9zGSoIFeMpXKxa4dYeZIQqewQ==}

  is-arrayish@0.2.1:
    resolution: {integrity: sha512-zz06S8t0ozoDXMG+ube26zeCTNXcKIPJZJi8hBrF4idCLms4CG9QtK7qBl1boi5ODzFpjswb5JPmHCbMpjaYzg==}

  is-buffer@2.0.5:
    resolution: {integrity: sha512-i2R6zNFDwgEHJyQUtJEk0XFi1i0dPFn/oqjK3/vPCcDeJvW5NQ83V8QbicfF1SupOaB0h8ntgBC2YiE7dfyctQ==}
    engines: {node: '>=4'}

  is-core-module@2.16.1:
    resolution: {integrity: sha512-UfoeMA6fIJ8wTYFEUjelnaGI67v6+N7qXJEvQuIGa99l4xsCruSYOVSQ0uPANn4dAzm8lkYPaKLrrijLq7x23w==}
    engines: {node: '>= 0.4'}

  is-extglob@2.1.1:
    resolution: {integrity: sha512-SbKbANkN603Vi4jEZv49LeVJMn4yGwsbzZworEoyEiutsN3nJYdbO36zfhGJ6QEDpOZIFkDtnq5JRxmvl3jsoQ==}
    engines: {node: '>=0.10.0'}

  is-glob@4.0.3:
    resolution: {integrity: sha512-xelSayHH36ZgE7ZWhli7pW34hNbNl8Ojv5KVmkJD4hBdD3th8Tfk9vYasLM+mXWOZhFkgZfxhLSnrwRr4elSSg==}
    engines: {node: '>=0.10.0'}

  is-number@7.0.0:
    resolution: {integrity: sha512-41Cifkg6e8TylSpdtTpeLVMqvSBEVzTttHvERD741+pnZ8ANv0004MRL43QKPDlK9cGvNp6NZWZUBlbGXYxxng==}
    engines: {node: '>=0.12.0'}

  is-plain-obj@1.1.0:
    resolution: {integrity: sha512-yvkRyxmFKEOQ4pNXCmJG5AEQNlXJS5LaONXo5/cLdTZdWvsZ1ioJEonLGAosKlMWE8lwUy/bJzMjcw8az73+Fg==}
    engines: {node: '>=0.10.0'}

  js-tokens@4.0.0:
    resolution: {integrity: sha512-RdJUflcE3cUzKiMqQgsCu06FPu9UdIJO0beYbPhHN4k6apgJtifcoCtT9bcxOpYBtpD2kCM6Sbzg4CausW/PKQ==}

  js-yaml@3.14.1:
    resolution: {integrity: sha512-okMH7OXXJ7YrN9Ok3/SXrnu4iX9yOk+25nqX4imS2npuvTYDmo/QEZoqwZkYaIDk3jVvBOTOIEgEhaLOynBS9g==}
    hasBin: true

  json-parse-better-errors@1.0.2:
    resolution: {integrity: sha512-mrqyZKfX5EhL7hvqcV6WG1yYjnjeuYDzDhhcAAUrq8Po85NBQBJP+ZDUT75qZQ98IkUoBqdkExkukOU7Ts2wrw==}

  jsonfile-updater@3.1.0:
    resolution: {integrity: sha512-G6DB55KX4Cc5t0Zpg4kfy2b3N592fahyoUJz5rk4VmS8lccXskgUbjUEX51iXMc6gh6sE7urmXWJsW6EqDozVQ==}
    engines: {node: '>=6'}

  load-json-file@4.0.0:
    resolution: {integrity: sha512-Kx8hMakjX03tiGTLAIdJ+lL0htKnXjEZN6hk/tozf/WOuYGdZBJrZ+rCJRbVCugsjB3jMLn9746NsQIf5VjBMw==}
    engines: {node: '>=4'}

  locate-path@2.0.0:
    resolution: {integrity: sha512-NCI2kiDkyR7VeEKm27Kda/iQHyKJe1Bu0FlTbYp3CqJu+9IFe9bLyAjMxf5ZDDbEg+iMPzB5zYyUTSm8wVTKmA==}
    engines: {node: '>=4'}

  loud-rejection@1.6.0:
    resolution: {integrity: sha512-RPNliZOFkqFumDhvYqOaNY4Uz9oJM2K9tC6JWsJJsNdhuONW4LQHRBpb0qf4pJApVffI5N39SwzWZJuEhfd7eQ==}
    engines: {node: '>=0.10.0'}

  map-obj@1.0.1:
    resolution: {integrity: sha512-7N/q3lyZ+LVCp7PzuxrJr4KMbBE2hW7BT7YNia330OFxIf4d3r5zVpicP2650l7CPN6RM9zOJRl3NGpqSiw3Eg==}
    engines: {node: '>=0.10.0'}

  map-obj@2.0.0:
    resolution: {integrity: sha512-TzQSV2DiMYgoF5RycneKVUzIa9bQsj/B3tTgsE3dOGqlzHnGIDaC7XBE7grnA+8kZPnfqSGFe95VHc2oc0VFUQ==}
    engines: {node: '>=4'}

  meow@5.0.0:
    resolution: {integrity: sha512-CbTqYU17ABaLefO8vCU153ZZlprKYWDljcndKKDCFcYQITzWCXZAVk4QMFZPgvzrnUQ3uItnIE/LoUOwrT15Ig==}
    engines: {node: '>=6'}

  micromatch@4.0.8:
    resolution: {integrity: sha512-PXwfBhYu0hBCPw8Dn0E+WDYb7af3dSLVWKi3HGv84IdF4TyFoC0ysxFd0Goxw7nSv4T/PzEJQxsYsEiFCKo2BA==}
    engines: {node: '>=8.6'}

  minimatch@3.1.2:
    resolution: {integrity: sha512-J7p63hRiAjw1NDEww1W7i37+ByIrOWO5XQQAzZ3VOcL0PNybwpfmV/N05zFAzwQ9USyEcX6t3UO+K5aqBQOIHw==}

  minimist-options@3.0.2:
    resolution: {integrity: sha512-FyBrT/d0d4+uiZRbqznPXqw3IpZZG3gl3wKWiX784FycUKVwBt0uLBFkQrtE4tZOrgo78nZp2jnKz3L65T5LdQ==}
    engines: {node: '>= 4'}

  minimist@1.2.8:
    resolution: {integrity: sha512-2yyAR8qBkN3YuheJanUpWC5U3bb5osDywNB8RzDVlDwDHbocAJveqqj1u8+SVD7jkWT4yvsHCpWqqWqAxb0zCA==}

  mkdirp@0.5.6:
    resolution: {integrity: sha512-FP+p8RB8OWpF3YZBCrP5gtADmtXApB5AMLn+vdyA+PyxCjrCs00mjyUozssO33cwDeT3wNGdLxJ5M//YqtHAJw==}
    hasBin: true

  ms@2.0.0:
    resolution: {integrity: sha512-Tpp60P6IUJDTuOq/5Z8cdskzJujfwqfOTkrwIwj7IRISpnkJnT6SyJ4PCPnGMoFjC9ddhal5KVIYtAt97ix05A==}

  nanoid@3.3.8:
    resolution: {integrity: sha512-WNLf5Sd8oZxOm+TzppcYk8gVOgP+l58xNy58D0nbUnOxOWRWvlcCV4kUF7ltmI6PsrLl/BgKEyS4mqsGChFN0w==}
    engines: {node: ^10 || ^12 || ^13.7 || ^14 || >=15.0.1}
    hasBin: true

  node-addon-api@7.1.1:
    resolution: {integrity: sha512-5m3bsyrjFWE1xf7nz7YXdN4udnVtXK6/Yfgn5qnahL6bCkf2yKt4k3nuTKAtT4r3IG8JNR2ncsIMdZuAzJjHQQ==}

  normalize-package-data@2.5.0:
    resolution: {integrity: sha512-/5CMN3T0R4XTj4DcGaexo+roZSdSFW/0AOOTROrjxzCG1wrWXEsGbRKevjlIL+ZDE4sZlJr5ED4YW0yqmkK+eA==}

  once@1.4.0:
    resolution: {integrity: sha512-lNaJgI+2Q5URQBkccEKHTQOPaXdUxnZZElQTZY0MFUAuaEqe1E+Nyvgdz/aIyNi6Z9MzO5dv1H8n58/GELp3+w==}

  p-limit@1.3.0:
    resolution: {integrity: sha512-vvcXsLAJ9Dr5rQOPk7toZQZJApBl2K4J6dANSsEuh6QI41JYcsS/qhTGa9ErIUUgK3WNQoJYvylxvjqmiqEA9Q==}
    engines: {node: '>=4'}

  p-locate@2.0.0:
    resolution: {integrity: sha512-nQja7m7gSKuewoVRen45CtVfODR3crN3goVQ0DDZ9N3yHxgpkuBhZqsaiotSQRrADUrne346peY7kT3TSACykg==}
    engines: {node: '>=4'}

  p-try@1.0.0:
    resolution: {integrity: sha512-U1etNYuMJoIz3ZXSrrySFjsXQTWOx2/jdi86L+2pRvph/qMKL6sbcCYdH23fqsbm8TH2Gn0OybpT4eSFlCVHww==}
    engines: {node: '>=4'}

  parse-json@4.0.0:
    resolution: {integrity: sha512-aOIos8bujGN93/8Ox/jPLh7RwVnPEysynVFE+fQZyg6jKELEHwzgKdLRFHUgXJL6kylijVSBC4BvN9OmsB48Rw==}
    engines: {node: '>=4'}

  path-exists@3.0.0:
    resolution: {integrity: sha512-bpC7GYwiDYQ4wYLe+FA8lhRjhQCMcQGuSgGGqDkg/QerRWw9CmGRT0iSOVRSZJ29NMLZgIzqaljJ63oaL4NIJQ==}
    engines: {node: '>=4'}

  path-is-absolute@1.0.1:
    resolution: {integrity: sha512-AVbw3UJ2e9bq64vSaS9Am0fje1Pa8pbGqTTsmXfaIiMpnr5DlDhfJOuLj9Sf95ZPVDAUerDfEk88MPmPe7UCQg==}
    engines: {node: '>=0.10.0'}

  path-parse@1.0.7:
    resolution: {integrity: sha512-LDJzPVEEEPR+y48z93A0Ed0yXb8pAByGWo/k5YYdYgpY2/2EsOsksJrq7lOHxryrVOn1ejG6oAp8ahvOIQD8sw==}

  path-type@3.0.0:
    resolution: {integrity: sha512-T2ZUsdZFHgA3u4e5PfPbjd7HDDpxPnQb5jN0SrDsjNSuVXHJqtwTnWqG0B1jZrgmJ/7lj1EmVIByWt1gxGkWvg==}
    engines: {node: '>=4'}

  picocolors@1.1.1:
    resolution: {integrity: sha512-xceH2snhtb5M9liqDsmEw56le376mTZkEX/jEb/RxNFyegNul7eNslCXP9FDj/Lcu0X8KEyMceP2ntpaHrDEVA==}

  picomatch@2.3.1:
    resolution: {integrity: sha512-JU3teHTNjmE2VCGFzuY8EXzCDVwEqB2a8fsIvwaStHhAWJEeVd1o1QD80CU6+ZdEXXSLbSsuLwJjkCBWqRQUVA==}
    engines: {node: '>=8.6'}

  pify@3.0.0:
    resolution: {integrity: sha512-C3FsVNH1udSEX48gGX1xfvwTWfsYWj5U+8/uK15BGzIGrKoUpghX8hWZwa/OFnakBiiVNmBvemTJR5mcy7iPcg==}
    engines: {node: '>=4'}

  postcss@8.5.3:
    resolution: {integrity: sha512-dle9A3yYxlBSrt8Fu+IpjGT8SY8hN0mlaA6GY8t0P5PjIOZemULz/E2Bnm/2dcUOena75OTNkHI76uZBNUUq3A==}
    engines: {node: ^10 || ^12 || >=14}

  prettier@3.5.3:
    resolution: {integrity: sha512-QQtaxnoDJeAkDvDKWCLiwIXkTgRhwYDEQCghU9Z6q03iyek/rxRh/2lC3HB7P8sWT2xC/y5JDctPLBIGzHKbhw==}
    engines: {node: '>=14'}
    hasBin: true

  quick-lru@1.1.0:
    resolution: {integrity: sha512-tRS7sTgyxMXtLum8L65daJnHUhfDUgboRdcWW2bR9vBfrj2+O5HSMbQOJfJJjIVSPFqbBCF37FpwWXGitDc5tA==}
    engines: {node: '>=4'}

  read-pkg-up@3.0.0:
    resolution: {integrity: sha512-YFzFrVvpC6frF1sz8psoHDBGF7fLPc+llq/8NB43oagqWkx8ar5zYtsTORtOjw9W2RHLpWP+zTWwBvf1bCmcSw==}
    engines: {node: '>=4'}

  read-pkg@3.0.0:
    resolution: {integrity: sha512-BLq/cCO9two+lBgiTYNqD6GdtK8s4NpaWrl6/rCO9w0TUS8oJl7cmToOZfRYllKTISY6nt1U7jQ53brmKqY6BA==}
    engines: {node: '>=4'}

  readdirp@4.1.2:
    resolution: {integrity: sha512-GDhwkLfywWL2s6vEjyhri+eXmfH6j1L7JE27WhqLeYzoh/A3DBaYGEj2H/HFZCn/kMfim73FXxEJTw06WtxQwg==}
    engines: {node: '>= 14.18.0'}

  redent@2.0.0:
    resolution: {integrity: sha512-XNwrTx77JQCEMXTeb8movBKuK75MgH0RZkujNuDKCezemx/voapl9i2gCSi8WWm8+ox5ycJi1gxF22fR7c0Ciw==}
    engines: {node: '>=4'}

  resolve@1.22.10:
    resolution: {integrity: sha512-NPRy+/ncIMeDlTAsuqwKIiferiawhefFJtkNSW0qZJEqMEb+qBt/77B/jGeeek+F0uOeN05CDa6HXbbIgtVX4w==}
    engines: {node: '>= 0.4'}
    hasBin: true

  rollup@4.34.9:
    resolution: {integrity: sha512-nF5XYqWWp9hx/LrpC8sZvvvmq0TeTjQgaZHYmAgwysT9nh8sWnZhBnM8ZyVbbJFIQBLwHDNoMqsBZBbUo4U8sQ==}
    engines: {node: '>=18.0.0', npm: '>=8.0.0'}
    hasBin: true

  sass@1.85.1:
    resolution: {integrity: sha512-Uk8WpxM5v+0cMR0XjX9KfRIacmSG86RH4DCCZjLU2rFh5tyutt9siAXJ7G+YfxQ99Q6wrRMbMlVl6KqUms71ag==}
    engines: {node: '>=14.0.0'}
    hasBin: true

  semver@5.7.2:
    resolution: {integrity: sha512-cBznnQ9KjJqU67B52RMC65CMarK2600WFnbkcaiwWq3xy/5haFJlshgnpjovMVJ+Hff49d8GEn0b87C5pDQ10g==}
    hasBin: true

  signal-exit@3.0.7:
    resolution: {integrity: sha512-wnD2ZE+l+SPC/uoS0vXeE9L1+0wuaMqKlfz9AMUo38JsyLSBWSFcHR1Rri62LZc12vLr1gb3jl7iwQhgwpAbGQ==}

  source-map-js@1.2.1:
    resolution: {integrity: sha512-UXWMKhLOwVKb728IUtQPXxfYU+usdybtUrK/8uGE8CQMvrhOpwvzDBwj0QhSL7MQc7vIsISBG8VQ8+IDQxpfQA==}
    engines: {node: '>=0.10.0'}

  spdx-correct@3.2.0:
    resolution: {integrity: sha512-kN9dJbvnySHULIluDHy32WHRUu3Og7B9sbY7tsFLctQkIqnMh3hErYgdMjTYuqmcXX+lK5T1lnUt3G7zNswmZA==}

  spdx-exceptions@2.5.0:
    resolution: {integrity: sha512-PiU42r+xO4UbUS1buo3LPJkjlO7430Xn5SVAhdpzzsPHsjbYVflnnFdATgabnLude+Cqu25p6N+g2lw/PFsa4w==}

  spdx-expression-parse@3.0.1:
    resolution: {integrity: sha512-cbqHunsQWnJNE6KhVSMsMeH5H/L9EpymbzqTQ3uLwNCLZ1Q481oWaofqH7nO6V07xlXwY6PhQdQ2IedWx/ZK4Q==}

  spdx-license-ids@3.0.21:
    resolution: {integrity: sha512-Bvg/8F5XephndSK3JffaRqdT+gyhfqIPwDHpX80tJrF8QQRYMo8sNMeaZ2Dp5+jhwKnUmIOyFFQfHRkjJm5nXg==}

  sprintf-js@1.0.3:
    resolution: {integrity: sha512-D9cPgkvLlV3t3IzL0D0YLvGA9Ahk4PcvVwUbN0dSGr1aP0Nrt4AEnTUbuGvquEC0mA64Gqt1fzirlRs5ibXx8g==}

  strip-bom@3.0.0:
    resolution: {integrity: sha512-vavAMRXOgBVNF6nyEEmL3DBK19iRpDcoIwW+swQ+CbGiu7lju6t+JklA1MHweoWtadgt4ISVUsXLyDq34ddcwA==}
    engines: {node: '>=4'}

  strip-indent@2.0.0:
    resolution: {integrity: sha512-RsSNPLpq6YUL7QYy44RnPVTn/lcVZtb48Uof3X5JLbF4zD/Gs7ZFDv2HWol+leoQN2mT86LAzSshGfkTlSOpsA==}
    engines: {node: '>=4'}

  supports-color@5.5.0:
    resolution: {integrity: sha512-QjVjwdXIt408MIiAqCX4oUKsgU2EqAGzs2Ppkm4aQYbjm+ZEWEcW4SfFNTr4uMNZma0ey4f5lgLrkB0aX0QMow==}
    engines: {node: '>=4'}

  supports-preserve-symlinks-flag@1.0.0:
    resolution: {integrity: sha512-ot0WnXS9fgdkgIcePe6RHNk1WA8+muPa6cSjeR3V8K27q9BB1rTE3R1p7Hv0z1ZyAc8s6Vvv8DIyWf681MAt0w==}
    engines: {node: '>= 0.4'}

  to-regex-range@5.0.1:
    resolution: {integrity: sha512-65P7iz6X5yEr1cwcgvQxbbIw7Uk3gOy5dIdtZ4rDveLqhrdJP+Li/Hx6tyK0NEb+2GCyneCMJiGqrADCSNk8sQ==}
    engines: {node: '>=8.0'}

  trim-newlines@2.0.0:
    resolution: {integrity: sha512-MTBWv3jhVjTU7XR3IQHllbiJs8sc75a80OEhB6or/q7pLTWgQ0bMGQXXYQSrSuXe6WiKWDZ5txXY5P59a/coVA==}
    engines: {node: '>=4'}

  ts@0.2.2:
    resolution: {integrity: sha512-cftcjXvrxBi6TJxwXjKZXm9g8eNClLQuEN+Yt90o0baDCpRDCCYsDEz3Uhpc5D2Wx1IZE1G1B4M8GY3OLsczzQ==}
    hasBin: true
    peerDependencies:
      typescript: 2.* || 3.*

  tslib@1.14.1:
    resolution: {integrity: sha512-Xni35NKzjgMrwevysHTCArtLDpPvye8zV/0E4EyYn43P7/7qvQwPh9BGkHewbMulVntbigmcT7rdX3BNo9wRJg==}

  tslint@5.20.1:
    resolution: {integrity: sha512-EcMxhzCFt8k+/UP5r8waCf/lzmeSyVlqxqMEDQE7rWYiQky8KpIBz1JAoYXfROHrPZ1XXd43q8yQnULOLiBRQg==}
    engines: {node: '>=4.8.0'}
    hasBin: true
    peerDependencies:
      typescript: '>=2.3.0-dev || >=2.4.0-dev || >=2.5.0-dev || >=2.6.0-dev || >=2.7.0-dev || >=2.8.0-dev || >=2.9.0-dev || >=3.0.0-dev || >= 3.1.0-dev || >= 3.2.0-dev'

  tsutils@2.29.0:
    resolution: {integrity: sha512-g5JVHCIJwzfISaXpXE1qvNalca5Jwob6FjI4AoPlqMusJ6ftFE7IkkFoMhVLRgK+4Kx3gkzb8UZK5t5yTTvEmA==}
    peerDependencies:
      typescript: '>=2.1.0 || >=2.1.0-dev || >=2.2.0-dev || >=2.3.0-dev || >=2.4.0-dev || >=2.5.0-dev || >=2.6.0-dev || >=2.7.0-dev || >=2.8.0-dev || >=2.9.0-dev || >= 3.0.0-dev || >= 3.1.0-dev'

  typescript@3.9.10:
    resolution: {integrity: sha512-w6fIxVE/H1PkLKcCPsFqKE7Kv7QUwhU8qQY2MueZXWx5cPZdwFupLgKK3vntcK98BtNHZtAF4LA/yl2a7k8R6Q==}
    engines: {node: '>=4.2.0'}
    hasBin: true

  validate-npm-package-license@3.0.4:
    resolution: {integrity: sha512-DpKm2Ui/xN7/HQKCtpZxoRWBhZ9Z0kqtygG8XCgNQ8ZlDnxuQmWhj566j8fN4Cu3/JmbhsDo7fcAJq4s9h27Ew==}

  vite@6.2.0:
    resolution: {integrity: sha512-7dPxoo+WsT/64rDcwoOjk76XHj+TqNTIvHKcuMQ1k4/SeHDaQt5GFAeLYzrimZrMpn/O6DtdI03WUjdxuPM0oQ==}
    engines: {node: ^18.0.0 || ^20.0.0 || >=22.0.0}
    hasBin: true
    peerDependencies:
      '@types/node': ^18.0.0 || ^20.0.0 || >=22.0.0
      jiti: '>=1.21.0'
      less: '*'
      lightningcss: ^1.21.0
      sass: '*'
      sass-embedded: '*'
      stylus: '*'
      sugarss: '*'
      terser: ^5.16.0
      tsx: ^4.8.1
      yaml: ^2.4.2
    peerDependenciesMeta:
      '@types/node':
        optional: true
      jiti:
        optional: true
      less:
        optional: true
      lightningcss:
        optional: true
      sass:
        optional: true
      sass-embedded:
        optional: true
      stylus:
        optional: true
      sugarss:
        optional: true
      terser:
        optional: true
      tsx:
        optional: true
      yaml:
        optional: true

  wrappy@1.0.2:
    resolution: {integrity: sha512-l4Sp/DRseor9wL6EvV2+TuQn63dMkPjZ/sp9XkghTEbV9KlPS1xUsZ3u7/IQO4wxtcFB4bgpQPRcR3QCvezPcQ==}

  yargs-parser@10.1.0:
    resolution: {integrity: sha512-VCIyR1wJoEBZUqk5PA+oOBF6ypbwh5aNB3I50guxAL/quggdfs4TtNHQrSazFA3fYZ+tEqfs0zIGlv0c/rgjbQ==}

snapshots:

  '@babel/code-frame@7.26.2':
    dependencies:
      '@babel/helper-validator-identifier': 7.25.9
      js-tokens: 4.0.0
      picocolors: 1.1.1
    optional: true

  '@babel/helper-validator-identifier@7.25.9':
    optional: true

  '@esbuild/aix-ppc64@0.25.0':
    optional: true

  '@esbuild/android-arm64@0.25.0':
    optional: true

  '@esbuild/android-arm@0.25.0':
    optional: true

  '@esbuild/android-x64@0.25.0':
    optional: true

  '@esbuild/darwin-arm64@0.25.0':
    optional: true

  '@esbuild/darwin-x64@0.25.0':
    optional: true

  '@esbuild/freebsd-arm64@0.25.0':
    optional: true

  '@esbuild/freebsd-x64@0.25.0':
    optional: true

  '@esbuild/linux-arm64@0.25.0':
    optional: true

  '@esbuild/linux-arm@0.25.0':
    optional: true

  '@esbuild/linux-ia32@0.25.0':
    optional: true

  '@esbuild/linux-loong64@0.25.0':
    optional: true

  '@esbuild/linux-mips64el@0.25.0':
    optional: true

  '@esbuild/linux-ppc64@0.25.0':
    optional: true

  '@esbuild/linux-riscv64@0.25.0':
    optional: true

  '@esbuild/linux-s390x@0.25.0':
    optional: true

  '@esbuild/linux-x64@0.25.0':
    optional: true

  '@esbuild/netbsd-arm64@0.25.0':
    optional: true

  '@esbuild/netbsd-x64@0.25.0':
    optional: true

  '@esbuild/openbsd-arm64@0.25.0':
    optional: true

  '@esbuild/openbsd-x64@0.25.0':
    optional: true

  '@esbuild/sunos-x64@0.25.0':
    optional: true

  '@esbuild/win32-arm64@0.25.0':
    optional: true

  '@esbuild/win32-ia32@0.25.0':
    optional: true

  '@esbuild/win32-x64@0.25.0':
    optional: true

  '@parcel/watcher-android-arm64@2.5.1':
    optional: true

  '@parcel/watcher-darwin-arm64@2.5.1':
    optional: true

  '@parcel/watcher-darwin-x64@2.5.1':
    optional: true

  '@parcel/watcher-freebsd-x64@2.5.1':
    optional: true

  '@parcel/watcher-linux-arm-glibc@2.5.1':
    optional: true

  '@parcel/watcher-linux-arm-musl@2.5.1':
    optional: true

  '@parcel/watcher-linux-arm64-glibc@2.5.1':
    optional: true

  '@parcel/watcher-linux-arm64-musl@2.5.1':
    optional: true

  '@parcel/watcher-linux-x64-glibc@2.5.1':
    optional: true

  '@parcel/watcher-linux-x64-musl@2.5.1':
    optional: true

  '@parcel/watcher-win32-arm64@2.5.1':
    optional: true

  '@parcel/watcher-win32-ia32@2.5.1':
    optional: true

  '@parcel/watcher-win32-x64@2.5.1':
    optional: true

  '@parcel/watcher@2.5.1':
    dependencies:
      detect-libc: 1.0.3
      is-glob: 4.0.3
      micromatch: 4.0.8
      node-addon-api: 7.1.1
    optionalDependencies:
      '@parcel/watcher-android-arm64': 2.5.1
      '@parcel/watcher-darwin-arm64': 2.5.1
      '@parcel/watcher-darwin-x64': 2.5.1
      '@parcel/watcher-freebsd-x64': 2.5.1
      '@parcel/watcher-linux-arm-glibc': 2.5.1
      '@parcel/watcher-linux-arm-musl': 2.5.1
      '@parcel/watcher-linux-arm64-glibc': 2.5.1
      '@parcel/watcher-linux-arm64-musl': 2.5.1
      '@parcel/watcher-linux-x64-glibc': 2.5.1
      '@parcel/watcher-linux-x64-musl': 2.5.1
      '@parcel/watcher-win32-arm64': 2.5.1
      '@parcel/watcher-win32-ia32': 2.5.1
      '@parcel/watcher-win32-x64': 2.5.1
    optional: true

  '@rollup/rollup-android-arm-eabi@4.34.9':
    optional: true

  '@rollup/rollup-android-arm64@4.34.9':
    optional: true

  '@rollup/rollup-darwin-arm64@4.34.9':
    optional: true

  '@rollup/rollup-darwin-x64@4.34.9':
    optional: true

  '@rollup/rollup-freebsd-arm64@4.34.9':
    optional: true

  '@rollup/rollup-freebsd-x64@4.34.9':
    optional: true

  '@rollup/rollup-linux-arm-gnueabihf@4.34.9':
    optional: true

  '@rollup/rollup-linux-arm-musleabihf@4.34.9':
    optional: true

  '@rollup/rollup-linux-arm64-gnu@4.34.9':
    optional: true

  '@rollup/rollup-linux-arm64-musl@4.34.9':
    optional: true

  '@rollup/rollup-linux-loongarch64-gnu@4.34.9':
    optional: true

  '@rollup/rollup-linux-powerpc64le-gnu@4.34.9':
    optional: true

  '@rollup/rollup-linux-riscv64-gnu@4.34.9':
    optional: true

  '@rollup/rollup-linux-s390x-gnu@4.34.9':
    optional: true

  '@rollup/rollup-linux-x64-gnu@4.34.9':
    optional: true

  '@rollup/rollup-linux-x64-musl@4.34.9':
    optional: true

  '@rollup/rollup-win32-arm64-msvc@4.34.9':
    optional: true

  '@rollup/rollup-win32-ia32-msvc@4.34.9':
    optional: true

  '@rollup/rollup-win32-x64-msvc@4.34.9':
    optional: true

  '@types/estree@1.0.6': {}

  ansi-styles@3.2.1:
    dependencies:
      color-convert: 1.9.3
    optional: true

  argparse@1.0.10:
    dependencies:
      sprintf-js: 1.0.3
    optional: true

  array-find-index@1.0.2: {}

  arrify@1.0.1: {}

  axios@0.18.1:
    dependencies:
      follow-redirects: 1.5.10
      is-buffer: 2.0.5
    transitivePeerDependencies:
      - supports-color

  balanced-match@1.0.2: {}

  brace-expansion@1.1.11:
    dependencies:
      balanced-match: 1.0.2
      concat-map: 0.0.1

  braces@3.0.3:
    dependencies:
      fill-range: 7.1.1
    optional: true

  builtin-modules@1.1.1:
    optional: true

  camelcase-keys@4.2.0:
    dependencies:
      camelcase: 4.1.0
      map-obj: 2.0.0
      quick-lru: 1.1.0

  camelcase@4.1.0: {}

  chalk@2.4.2:
    dependencies:
      ansi-styles: 3.2.1
      escape-string-regexp: 1.0.5
      supports-color: 5.5.0
    optional: true

  chokidar@4.0.3:
    dependencies:
      readdirp: 4.1.2

  color-convert@1.9.3:
    dependencies:
      color-name: 1.1.3
    optional: true

  color-name@1.1.3:
    optional: true

  commander@2.20.3:
    optional: true

  concat-map@0.0.1: {}

  currently-unhandled@0.4.1:
    dependencies:
      array-find-index: 1.0.2

  debug@3.1.0:
    dependencies:
      ms: 2.0.0

  decamelize-keys@1.1.1:
    dependencies:
      decamelize: 1.2.0
      map-obj: 1.0.1

  decamelize@1.2.0: {}

  detect-libc@1.0.3:
    optional: true

  diff@4.0.2:
    optional: true

  error-ex@1.3.2:
    dependencies:
      is-arrayish: 0.2.1

  esbuild@0.25.0:
    optionalDependencies:
      '@esbuild/aix-ppc64': 0.25.0
      '@esbuild/android-arm': 0.25.0
      '@esbuild/android-arm64': 0.25.0
      '@esbuild/android-x64': 0.25.0
      '@esbuild/darwin-arm64': 0.25.0
      '@esbuild/darwin-x64': 0.25.0
      '@esbuild/freebsd-arm64': 0.25.0
      '@esbuild/freebsd-x64': 0.25.0
      '@esbuild/linux-arm': 0.25.0
      '@esbuild/linux-arm64': 0.25.0
      '@esbuild/linux-ia32': 0.25.0
      '@esbuild/linux-loong64': 0.25.0
      '@esbuild/linux-mips64el': 0.25.0
      '@esbuild/linux-ppc64': 0.25.0
      '@esbuild/linux-riscv64': 0.25.0
      '@esbuild/linux-s390x': 0.25.0
      '@esbuild/linux-x64': 0.25.0
      '@esbuild/netbsd-arm64': 0.25.0
      '@esbuild/netbsd-x64': 0.25.0
      '@esbuild/openbsd-arm64': 0.25.0
      '@esbuild/openbsd-x64': 0.25.0
      '@esbuild/sunos-x64': 0.25.0
      '@esbuild/win32-arm64': 0.25.0
      '@esbuild/win32-ia32': 0.25.0
      '@esbuild/win32-x64': 0.25.0

  escape-string-regexp@1.0.5: {}

  esprima@4.0.1:
    optional: true

  figures@2.0.0:
    dependencies:
      escape-string-regexp: 1.0.5

  fill-range@7.1.1:
    dependencies:
      to-regex-range: 5.0.1
    optional: true

  find-package-json@1.2.0: {}

  find-up@2.1.0:
    dependencies:
      locate-path: 2.0.0

  follow-redirects@1.5.10:
    dependencies:
      debug: 3.1.0
    transitivePeerDependencies:
      - supports-color

  fs.realpath@1.0.0: {}

  fsevents@2.3.3:
    optional: true

  function-bind@1.1.2: {}

  glob@7.2.3:
    dependencies:
      fs.realpath: 1.0.0
      inflight: 1.0.6
      inherits: 2.0.4
      minimatch: 3.1.2
      once: 1.4.0
      path-is-absolute: 1.0.1

  graceful-fs@4.2.11: {}

  has-flag@3.0.0:
    optional: true

  hasown@2.0.2:
    dependencies:
      function-bind: 1.1.2

  hosted-git-info@2.8.9: {}

  immutable@5.0.3: {}

  indent-string@3.2.0: {}

  inflight@1.0.6:
    dependencies:
      once: 1.4.0
      wrappy: 1.0.2

  inherits@2.0.4: {}

  is-arrayish@0.2.1: {}

  is-buffer@2.0.5: {}

  is-core-module@2.16.1:
    dependencies:
      hasown: 2.0.2

  is-extglob@2.1.1:
    optional: true

  is-glob@4.0.3:
    dependencies:
      is-extglob: 2.1.1
    optional: true

  is-number@7.0.0:
    optional: true

  is-plain-obj@1.1.0: {}

  js-tokens@4.0.0:
    optional: true

  js-yaml@3.14.1:
    dependencies:
      argparse: 1.0.10
      esprima: 4.0.1
    optional: true

  json-parse-better-errors@1.0.2: {}

  jsonfile-updater@3.1.0: {}

  load-json-file@4.0.0:
    dependencies:
      graceful-fs: 4.2.11
      parse-json: 4.0.0
      pify: 3.0.0
      strip-bom: 3.0.0

  locate-path@2.0.0:
    dependencies:
      p-locate: 2.0.0
      path-exists: 3.0.0

  loud-rejection@1.6.0:
    dependencies:
      currently-unhandled: 0.4.1
      signal-exit: 3.0.7

  map-obj@1.0.1: {}

  map-obj@2.0.0: {}

  meow@5.0.0:
    dependencies:
      camelcase-keys: 4.2.0
      decamelize-keys: 1.1.1
      loud-rejection: 1.6.0
      minimist-options: 3.0.2
      normalize-package-data: 2.5.0
      read-pkg-up: 3.0.0
      redent: 2.0.0
      trim-newlines: 2.0.0
      yargs-parser: 10.1.0

  micromatch@4.0.8:
    dependencies:
      braces: 3.0.3
      picomatch: 2.3.1
    optional: true

  minimatch@3.1.2:
    dependencies:
      brace-expansion: 1.1.11

  minimist-options@3.0.2:
    dependencies:
      arrify: 1.0.1
      is-plain-obj: 1.1.0

  minimist@1.2.8:
    optional: true

  mkdirp@0.5.6:
    dependencies:
      minimist: 1.2.8
    optional: true

  ms@2.0.0: {}

  nanoid@3.3.8: {}

  node-addon-api@7.1.1:
    optional: true

  normalize-package-data@2.5.0:
    dependencies:
      hosted-git-info: 2.8.9
      resolve: 1.22.10
      semver: 5.7.2
      validate-npm-package-license: 3.0.4

  once@1.4.0:
    dependencies:
      wrappy: 1.0.2

  p-limit@1.3.0:
    dependencies:
      p-try: 1.0.0

  p-locate@2.0.0:
    dependencies:
      p-limit: 1.3.0

  p-try@1.0.0: {}

  parse-json@4.0.0:
    dependencies:
      error-ex: 1.3.2
      json-parse-better-errors: 1.0.2

  path-exists@3.0.0: {}

  path-is-absolute@1.0.1: {}

  path-parse@1.0.7: {}

  path-type@3.0.0:
    dependencies:
      pify: 3.0.0

  picocolors@1.1.1: {}

  picomatch@2.3.1:
    optional: true

  pify@3.0.0: {}

  postcss@8.5.3:
    dependencies:
      nanoid: 3.3.8
      picocolors: 1.1.1
      source-map-js: 1.2.1

  prettier@3.5.3: {}

  quick-lru@1.1.0: {}

  read-pkg-up@3.0.0:
    dependencies:
      find-up: 2.1.0
      read-pkg: 3.0.0

  read-pkg@3.0.0:
    dependencies:
      load-json-file: 4.0.0
      normalize-package-data: 2.5.0
      path-type: 3.0.0

  readdirp@4.1.2: {}

  redent@2.0.0:
    dependencies:
      indent-string: 3.2.0
      strip-indent: 2.0.0

  resolve@1.22.10:
    dependencies:
      is-core-module: 2.16.1
      path-parse: 1.0.7
      supports-preserve-symlinks-flag: 1.0.0

  rollup@4.34.9:
    dependencies:
      '@types/estree': 1.0.6
    optionalDependencies:
      '@rollup/rollup-android-arm-eabi': 4.34.9
      '@rollup/rollup-android-arm64': 4.34.9
      '@rollup/rollup-darwin-arm64': 4.34.9
      '@rollup/rollup-darwin-x64': 4.34.9
      '@rollup/rollup-freebsd-arm64': 4.34.9
      '@rollup/rollup-freebsd-x64': 4.34.9
      '@rollup/rollup-linux-arm-gnueabihf': 4.34.9
      '@rollup/rollup-linux-arm-musleabihf': 4.34.9
      '@rollup/rollup-linux-arm64-gnu': 4.34.9
      '@rollup/rollup-linux-arm64-musl': 4.34.9
      '@rollup/rollup-linux-loongarch64-gnu': 4.34.9
      '@rollup/rollup-linux-powerpc64le-gnu': 4.34.9
      '@rollup/rollup-linux-riscv64-gnu': 4.34.9
      '@rollup/rollup-linux-s390x-gnu': 4.34.9
      '@rollup/rollup-linux-x64-gnu': 4.34.9
      '@rollup/rollup-linux-x64-musl': 4.34.9
      '@rollup/rollup-win32-arm64-msvc': 4.34.9
      '@rollup/rollup-win32-ia32-msvc': 4.34.9
      '@rollup/rollup-win32-x64-msvc': 4.34.9
      fsevents: 2.3.3

  sass@1.85.1:
    dependencies:
      chokidar: 4.0.3
      immutable: 5.0.3
      source-map-js: 1.2.1
    optionalDependencies:
      '@parcel/watcher': 2.5.1

  semver@5.7.2: {}

  signal-exit@3.0.7: {}

  source-map-js@1.2.1: {}

  spdx-correct@3.2.0:
    dependencies:
      spdx-expression-parse: 3.0.1
      spdx-license-ids: 3.0.21

  spdx-exceptions@2.5.0: {}

  spdx-expression-parse@3.0.1:
    dependencies:
      spdx-exceptions: 2.5.0
      spdx-license-ids: 3.0.21

  spdx-license-ids@3.0.21: {}

  sprintf-js@1.0.3:
    optional: true

  strip-bom@3.0.0: {}

  strip-indent@2.0.0: {}

  supports-color@5.5.0:
    dependencies:
      has-flag: 3.0.0
    optional: true

  supports-preserve-symlinks-flag@1.0.0: {}

  to-regex-range@5.0.1:
    dependencies:
      is-number: 7.0.0
    optional: true

  trim-newlines@2.0.0: {}

  ts@0.2.2(typescript@3.9.10):
    dependencies:
      axios: 0.18.1
      figures: 2.0.0
      find-package-json: 1.2.0
      glob: 7.2.3
      jsonfile-updater: 3.1.0
      meow: 5.0.0
      typescript: 3.9.10
    optionalDependencies:
      tslint: 5.20.1(typescript@3.9.10)
    transitivePeerDependencies:
      - supports-color

  tslib@1.14.1:
    optional: true

  tslint@5.20.1(typescript@3.9.10):
    dependencies:
      '@babel/code-frame': 7.26.2
      builtin-modules: 1.1.1
      chalk: 2.4.2
      commander: 2.20.3
      diff: 4.0.2
      glob: 7.2.3
      js-yaml: 3.14.1
      minimatch: 3.1.2
      mkdirp: 0.5.6
      resolve: 1.22.10
      semver: 5.7.2
      tslib: 1.14.1
      tsutils: 2.29.0(typescript@3.9.10)
      typescript: 3.9.10
    optional: true

  tsutils@2.29.0(typescript@3.9.10):
    dependencies:
      tslib: 1.14.1
      typescript: 3.9.10
    optional: true

  typescript@3.9.10: {}

  validate-npm-package-license@3.0.4:
    dependencies:
      spdx-correct: 3.2.0
      spdx-expression-parse: 3.0.1

  vite@6.2.0(sass@1.85.1):
    dependencies:
      esbuild: 0.25.0
      postcss: 8.5.3
      rollup: 4.34.9
    optionalDependencies:
      fsevents: 2.3.3
      sass: 1.85.1

  wrappy@1.0.2: {}

  yargs-parser@10.1.0:
    dependencies:
      camelcase: 4.1.0
